
Microsoft Visual Studio Solution File, Format Version 12.00
# Visual Studio 2012
Project("{FAE04EC0-301F-11D3-BF4B-00C04F79EFBC}") = "Quanlykhoaduoc", "Quanlykhoaduoc.csproj", "{50ABBFCD-C8C2-4004-BBE6-7D74B2201056}"
EndProject
Project("{FAE04EC0-301F-11D3-BF4B-00C04F79EFBC}") = "LayerBusinessObjec", "LayerBusinessObjec\LayerBusinessObjec.csproj", "{A60271AC-9D7F-4BD0-895D-9549E22D697D}"
EndProject
Project("{FAE04EC0-301F-11D3-BF4B-00C04F79EFBC}") = "LayerBusinessLogic", "LayerBusinessLogic\LayerBusinessLogic.csproj", "{5AF4306F-A246-4DBD-B294-BC84658C9FA5}"
EndProject
Project("{FAE04EC0-301F-11D3-BF4B-00C04F79EFBC}") = "LayerDataAccess", "LayerDataAccess\LayerDataAccess.csproj", "{1D04BAAA-F0AE-47B4-BBC1-F8D281508A7E}"
EndProject
Global
	GlobalSection(SolutionConfigurationPlatforms) = preSolution
		Debug|Any CPU = Debug|Any CPU
		Release|Any CPU = Release|Any CPU
	EndGlobalSection
	GlobalSection(ProjectConfigurationPlatforms) = postSolution
		{50ABBFCD-C8C2-4004-BBE6-7D74B2201056}.Debug|Any CPU.ActiveCfg = Debug|Any CPU
		{50ABBFCD-C8C2-4004-BBE6-7D74B2201056}.Debug|Any CPU.Build.0 = Debug|Any CPU
		{50ABBFCD-C8C2-4004-BBE6-7D74B2201056}.Release|Any CPU.ActiveCfg = Release|Any CPU
		{50ABBFCD-C8C2-4004-BBE6-7D74B2201056}.Release|Any CPU.Build.0 = Release|Any CPU
		{A60271AC-9D7F-4BD0-895D-9549E22D697D}.Debug|Any CPU.ActiveCfg = Debug|Any CPU
		{A60271AC-9D7F-4BD0-895D-9549E22D697D}.Debug|Any CPU.Build.0 = Debug|Any CPU
		{A60271AC-9D7F-4BD0-895D-9549E22D697D}.Release|Any CPU.ActiveCfg = Release|Any CPU
		{A60271AC-9D7F-4BD0-895D-9549E22D697D}.Release|Any CPU.Build.0 = Release|Any CPU
		{5AF4306F-A246-4DBD-B294-BC84658C9FA5}.Debug|Any CPU.ActiveCfg = Debug|Any CPU
		{5AF4306F-A246-4DBD-B294-BC84658C9FA5}.Debug|Any CPU.Build.0 = Debug|Any CPU
		{5AF4306F-A246-4DBD-B294-BC84658C9FA5}.Release|Any CPU.ActiveCfg = Release|Any CPU
		{5AF4306F-A246-4DBD-B294-BC84658C9FA5}.Release|Any CPU.Build.0 = Release|Any CPU
		{1D04BAAA-F0AE-47B4-BBC1-F8D281508A7E}.Debug|Any CPU.ActiveCfg = Debug|Any CPU
		{1D04BAAA-F0AE-47B4-BBC1-F8D281508A7E}.Debug|Any CPU.Build.0 = Debug|Any CPU
		{1D04BAAA-F0AE-47B4-BBC1-F8D281508A7E}.Release|Any CPU.ActiveCfg = Release|Any CPU
		{1D04BAAA-F0AE-47B4-BBC1-F8D281508A7E}.Release|Any CPU.Build.0 = Release|Any CPU
	EndGlobalSection
	GlobalSection(SolutionProperties) = preSolution
		HideSolutionNode = FALSE
	EndGlobalSection
EndGlobal
